
Microsoft Visual Studio Solution File, Format Version 12.00
# Visual Studio 15
VisualStudioVersion = 15.0.27130.2027
MinimumVisualStudioVersion = 10.0.40219.1
Project("{2150E333-8FDC-42A3-9474-1A3956D46DE8}") = "BinarySearchTree", "BinarySearchTree", "{792796E3-0B41-4384-877E-D355D42F317B}"
EndProject
Project("{9A19103F-16F7-4668-BE54-9A1E7A4F7556}") = "BinarySearchTree.Common", "src\BinarySearchTree.Common\BinarySearchTree.Common.csproj", "{696C0029-6594-4183-A7D8-3515C0B3A0F2}"
EndProject
Project("{9A19103F-16F7-4668-BE54-9A1E7A4F7556}") = "BinarySearchTree.Insert", "src\BinarySearchTree.Insert\BinarySearchTree.Insert.csproj", "{177D4B97-67E0-42D1-AEB6-0A1ADE13C57F}"
EndProject
Project("{FAE04EC0-301F-11D3-BF4B-00C04F79EFBC}") = "BinarySearchTree.Traversal.Recursive.Preorder", "src\BinarySearchTree.Traversal.Recursive.Preorder\BinarySearchTree.Traversal.Recursive.Preorder.csproj", "{6DF6BC50-1C30-4B47-8F9F-21F652D1468B}"
EndProject
Project("{FAE04EC0-301F-11D3-BF4B-00C04F79EFBC}") = "BinarySearchTree.Traversal.Recursive.Inorder", "src\BinarySearchTree.Traversal.Recursive.Inorder\BinarySearchTree.Traversal.Recursive.Inorder.csproj", "{C95FBC61-7DFC-4BD1-A589-26C61F4C1FD2}"
EndProject
Global
	GlobalSection(SolutionConfigurationPlatforms) = preSolution
		Debug|Any CPU = Debug|Any CPU
		Release|Any CPU = Release|Any CPU
	EndGlobalSection
	GlobalSection(ProjectConfigurationPlatforms) = postSolution
		{696C0029-6594-4183-A7D8-3515C0B3A0F2}.Debug|Any CPU.ActiveCfg = Debug|Any CPU
		{696C0029-6594-4183-A7D8-3515C0B3A0F2}.Debug|Any CPU.Build.0 = Debug|Any CPU
		{696C0029-6594-4183-A7D8-3515C0B3A0F2}.Release|Any CPU.ActiveCfg = Release|Any CPU
		{696C0029-6594-4183-A7D8-3515C0B3A0F2}.Release|Any CPU.Build.0 = Release|Any CPU
		{177D4B97-67E0-42D1-AEB6-0A1ADE13C57F}.Debug|Any CPU.ActiveCfg = Debug|Any CPU
		{177D4B97-67E0-42D1-AEB6-0A1ADE13C57F}.Debug|Any CPU.Build.0 = Debug|Any CPU
		{177D4B97-67E0-42D1-AEB6-0A1ADE13C57F}.Release|Any CPU.ActiveCfg = Release|Any CPU
		{177D4B97-67E0-42D1-AEB6-0A1ADE13C57F}.Release|Any CPU.Build.0 = Release|Any CPU
		{6DF6BC50-1C30-4B47-8F9F-21F652D1468B}.Debug|Any CPU.ActiveCfg = Debug|Any CPU
		{6DF6BC50-1C30-4B47-8F9F-21F652D1468B}.Debug|Any CPU.Build.0 = Debug|Any CPU
		{6DF6BC50-1C30-4B47-8F9F-21F652D1468B}.Release|Any CPU.ActiveCfg = Release|Any CPU
		{6DF6BC50-1C30-4B47-8F9F-21F652D1468B}.Release|Any CPU.Build.0 = Release|Any CPU
		{C95FBC61-7DFC-4BD1-A589-26C61F4C1FD2}.Debug|Any CPU.ActiveCfg = Debug|Any CPU
		{C95FBC61-7DFC-4BD1-A589-26C61F4C1FD2}.Debug|Any CPU.Build.0 = Debug|Any CPU
		{C95FBC61-7DFC-4BD1-A589-26C61F4C1FD2}.Release|Any CPU.ActiveCfg = Release|Any CPU
		{C95FBC61-7DFC-4BD1-A589-26C61F4C1FD2}.Release|Any CPU.Build.0 = Release|Any CPU
	EndGlobalSection
	GlobalSection(SolutionProperties) = preSolution
		HideSolutionNode = FALSE
	EndGlobalSection
	GlobalSection(NestedProjects) = preSolution
		{696C0029-6594-4183-A7D8-3515C0B3A0F2} = {792796E3-0B41-4384-877E-D355D42F317B}
		{177D4B97-67E0-42D1-AEB6-0A1ADE13C57F} = {792796E3-0B41-4384-877E-D355D42F317B}
		{6DF6BC50-1C30-4B47-8F9F-21F652D1468B} = {792796E3-0B41-4384-877E-D355D42F317B}
		{C95FBC61-7DFC-4BD1-A589-26C61F4C1FD2} = {792796E3-0B41-4384-877E-D355D42F317B}
	EndGlobalSection
	GlobalSection(ExtensibilityGlobals) = postSolution
		SolutionGuid = {9C80AFFD-3207-46A2-A126-01FF3FC3C978}
	EndGlobalSection
EndGlobal
